
Microsoft Visual Studio Solution File, Format Version 12.00
# Visual Studio Version 16
VisualStudioVersion = 16.0.31112.23
MinimumVisualStudioVersion = 10.0.40219.1
Project("{FAE04EC0-301F-11D3-BF4B-00C04F79EFBC}") = "Wisielec", "Wisielec\Wisielec.csproj", "{3D634889-F3E5-49BE-AD4C-0F84CAEF562B}"
EndProject
Global
	GlobalSection(SolutionConfigurationPlatforms) = preSolution
		Debug|Any CPU = Debug|Any CPU
		Release|Any CPU = Release|Any CPU
	EndGlobalSection
	GlobalSection(ProjectConfigurationPlatforms) = postSolution
		{3D634889-F3E5-49BE-AD4C-0F84CAEF562B}.Debug|Any CPU.ActiveCfg = Debug|Any CPU
		{3D634889-F3E5-49BE-AD4C-0F84CAEF562B}.Debug|Any CPU.Build.0 = Debug|Any CPU
		{3D634889-F3E5-49BE-AD4C-0F84CAEF562B}.Release|Any CPU.ActiveCfg = Release|Any CPU
		{3D634889-F3E5-49BE-AD4C-0F84CAEF562B}.Release|Any CPU.Build.0 = Release|Any CPU
	EndGlobalSection
	GlobalSection(SolutionProperties) = preSolution
		HideSolutionNode = FALSE
	EndGlobalSection
	GlobalSection(ExtensibilityGlobals) = postSolution
		SolutionGuid = {6241E2FF-CBE9-4958-A894-50D1FF4761C3}
	EndGlobalSection
EndGlobal
